// !$*UTF8*$!
{
	archiveVersion = 1;
	classes = {
	};
	objectVersion = 56;
	objects = {

/* Begin PBXBuildFile section */
		237873042B748AB400DCB6AB /* SimPomodoro Watch App.app in Embed Watch Content */ = {isa = PBXBuildFile; fileRef = 237873032B748AB400DCB6AB /* SimPomodoro Watch App.app */; settings = {ATTRIBUTES = (RemoveHeadersOnCopy, ); }; };
		237873092B748AB400DCB6AB /* SimPomodoroApp.swift in Sources */ = {isa = PBXBuildFile; fileRef = 237873082B748AB400DCB6AB /* SimPomodoroApp.swift */; };
		2378730B2B748AB400DCB6AB /* ContentView.swift in Sources */ = {isa = PBXBuildFile; fileRef = 2378730A2B748AB400DCB6AB /* ContentView.swift */; };
		2378730D2B748AB500DCB6AB /* Assets.xcassets in Resources */ = {isa = PBXBuildFile; fileRef = 2378730C2B748AB500DCB6AB /* Assets.xcassets */; };
		237873102B748AB500DCB6AB /* Preview Assets.xcassets in Resources */ = {isa = PBXBuildFile; fileRef = 2378730F2B748AB500DCB6AB /* Preview Assets.xcassets */; };
/* End PBXBuildFile section */

/* Begin PBXContainerItemProxy section */
		237873052B748AB400DCB6AB /* PBXContainerItemProxy */ = {
			isa = PBXContainerItemProxy;
			containerPortal = 237872F72B748AB400DCB6AB /* Project object */;
			proxyType = 1;
			remoteGlobalIDString = 237873022B748AB400DCB6AB;
			remoteInfo = "SimPomodoro Watch App";
		};
/* End PBXContainerItemProxy section */

/* Begin PBXCopyFilesBuildPhase section */
		237873162B748AB500DCB6AB /* Embed Watch Content */ = {
			isa = PBXCopyFilesBuildPhase;
			buildActionMask = 2147483647;
			dstPath = "$(CONTENTS_FOLDER_PATH)/Watch";
			dstSubfolderSpec = 16;
			files = (
				237873042B748AB400DCB6AB /* SimPomodoro Watch App.app in Embed Watch Content */,
			);
			name = "Embed Watch Content";
			runOnlyForDeploymentPostprocessing = 0;
		};
/* End PBXCopyFilesBuildPhase section */

/* Begin PBXFileReference section */
		237872FD2B748AB400DCB6AB /* SimPomodoro.app */ = {isa = PBXFileReference; explicitFileType = wrapper.application; includeInIndex = 0; path = SimPomodoro.app; sourceTree = BUILT_PRODUCTS_DIR; };
		237873032B748AB400DCB6AB /* SimPomodoro Watch App.app */ = {isa = PBXFileReference; explicitFileType = wrapper.application; includeInIndex = 0; path = "SimPomodoro Watch App.app"; sourceTree = BUILT_PRODUCTS_DIR; };
		237873082B748AB400DCB6AB /* SimPomodoroApp.swift */ = {isa = PBXFileReference; lastKnownFileType = sourcecode.swift; path = SimPomodoroApp.swift; sourceTree = "<group>"; };
		2378730A2B748AB400DCB6AB /* ContentView.swift */ = {isa = PBXFileReference; lastKnownFileType = sourcecode.swift; path = ContentView.swift; sourceTree = "<group>"; };
		2378730C2B748AB500DCB6AB /* Assets.xcassets */ = {isa = PBXFileReference; lastKnownFileType = folder.assetcatalog; path = Assets.xcassets; sourceTree = "<group>"; };
		2378730F2B748AB500DCB6AB /* Preview Assets.xcassets */ = {isa = PBXFileReference; lastKnownFileType = folder.assetcatalog; path = "Preview Assets.xcassets"; sourceTree = "<group>"; };
/* End PBXFileReference section */

/* Begin PBXFrameworksBuildPhase section */
		237873002B748AB400DCB6AB /* Frameworks */ = {
			isa = PBXFrameworksBuildPhase;
			buildActionMask = 2147483647;
			files = (
			);
			runOnlyForDeploymentPostprocessing = 0;
		};
/* End PBXFrameworksBuildPhase section */

/* Begin PBXGroup section */
		237872F62B748AB400DCB6AB = {
			isa = PBXGroup;
			children = (
				237873072B748AB400DCB6AB /* SimPomodoro Watch App */,
				237872FE2B748AB400DCB6AB /* Products */,
			);
			sourceTree = "<group>";
		};
		237872FE2B748AB400DCB6AB /* Products */ = {
			isa = PBXGroup;
			children = (
				237872FD2B748AB400DCB6AB /* SimPomodoro.app */,
				237873032B748AB400DCB6AB /* SimPomodoro Watch App.app */,
			);
			name = Products;
			sourceTree = "<group>";
		};
		237873072B748AB400DCB6AB /* SimPomodoro Watch App */ = {
			isa = PBXGroup;
			children = (
				237873082B748AB400DCB6AB /* SimPomodoroApp.swift */,
				2378730A2B748AB400DCB6AB /* ContentView.swift */,
				2378730C2B748AB500DCB6AB /* Assets.xcassets */,
				2378730E2B748AB500DCB6AB /* Preview Content */,
			);
			path = "SimPomodoro Watch App";
			sourceTree = "<group>";
		};
		2378730E2B748AB500DCB6AB /* Preview Content */ = {
			isa = PBXGroup;
			children = (
				2378730F2B748AB500DCB6AB /* Preview Assets.xcassets */,
			);
			path = "Preview Content";
			sourceTree = "<group>";
		};
/* End PBXGroup section */

/* Begin PBXNativeTarget section */
		237872FC2B748AB400DCB6AB /* SimPomodoro */ = {
			isa = PBXNativeTarget;
			buildConfigurationList = 237873172B748AB500DCB6AB /* Build configuration list for PBXNativeTarget "SimPomodoro" */;
			buildPhases = (
				237872FB2B748AB400DCB6AB /* Resources */,
				237873162B748AB500DCB6AB /* Embed Watch Content */,
			);
			buildRules = (
			);
			dependencies = (
				237873062B748AB400DCB6AB /* PBXTargetDependency */,
			);
			name = SimPomodoro;
			productName = SimPomodoro;
			productReference = 237872FD2B748AB400DCB6AB /* SimPomodoro.app */;
			productType = "com.apple.product-type.application.watchapp2-container";
		};
		237873022B748AB400DCB6AB /* SimPomodoro Watch App */ = {
			isa = PBXNativeTarget;
			buildConfigurationList = 237873132B748AB500DCB6AB /* Build configuration list for PBXNativeTarget "SimPomodoro Watch App" */;
			buildPhases = (
				237872FF2B748AB400DCB6AB /* Sources */,
				237873002B748AB400DCB6AB /* Frameworks */,
				237873012B748AB400DCB6AB /* Resources */,
			);
			buildRules = (
			);
			dependencies = (
			);
			name = "SimPomodoro Watch App";
			productName = "SimPomodoro Watch App";
			productReference = 237873032B748AB400DCB6AB /* SimPomodoro Watch App.app */;
			productType = "com.apple.product-type.application";
		};
/* End PBXNativeTarget section */

/* Begin PBXProject section */
		237872F72B748AB400DCB6AB /* Project object */ = {
			isa = PBXProject;
			attributes = {
				BuildIndependentTargetsInParallel = 1;
				LastSwiftUpdateCheck = 1520;
				LastUpgradeCheck = 1520;
				TargetAttributes = {
					237872FC2B748AB400DCB6AB = {
						CreatedOnToolsVersion = 15.2;
					};
					237873022B748AB400DCB6AB = {
						CreatedOnToolsVersion = 15.2;
					};
				};
			};
			buildConfigurationList = 237872FA2B748AB400DCB6AB /* Build configuration list for PBXProject "SimPomodoro" */;
			compatibilityVersion = "Xcode 14.0";
			developmentRegion = en;
			hasScannedForEncodings = 0;
			knownRegions = (
				en,
				Base,
			);
			mainGroup = 237872F62B748AB400DCB6AB;
			productRefGroup = 237872FE2B748AB400DCB6AB /* Products */;
			projectDirPath = "";
			projectRoot = "";
			targets = (
				237872FC2B748AB400DCB6AB /* SimPomodoro */,
				237873022B748AB400DCB6AB /* SimPomodoro Watch App */,
			);
		};
/* End PBXProject section */

/* Begin PBXResourcesBuildPhase section */
		237872FB2B748AB400DCB6AB /* Resources */ = {
			isa = PBXResourcesBuildPhase;
			buildActionMask = 2147483647;
			files = (
			);
			runOnlyForDeploymentPostprocessing = 0;
		};
		237873012B748AB400DCB6AB /* Resources */ = {
			isa = PBXResourcesBuildPhase;
			buildActionMask = 2147483647;
			files = (
				237873102B748AB500DCB6AB /* Preview Assets.xcassets in Resources */,
				2378730D2B748AB500DCB6AB /* Assets.xcassets in Resources */,
			);
			runOnlyForDeploymentPostprocessing = 0;
		};
/* End PBXResourcesBuildPhase section */

/* Begin PBXSourcesBuildPhase section */
		237872FF2B748AB400DCB6AB /* Sources */ = {
			isa = PBXSourcesBuildPhase;
			buildActionMask = 2147483647;
			files = (
				2378730B2B748AB400DCB6AB /* ContentView.swift in Sources */,
				237873092B748AB400DCB6AB /* SimPomodoroApp.swift in Sources */,
			);
			runOnlyForDeploymentPostprocessing = 0;
		};
/* End PBXSourcesBuildPhase section */

/* Begin PBXTargetDependency section */
		237873062B748AB400DCB6AB /* PBXTargetDependency */ = {
			isa = PBXTargetDependency;
			target = 237873022B748AB400DCB6AB /* SimPomodoro Watch App */;
			targetProxy = 237873052B748AB400DCB6AB /* PBXContainerItemProxy */;
		};
/* End PBXTargetDependency section */

/* Begin XCBuildConfiguration section */
		237873112B748AB500DCB6AB /* Debug */ = {
			isa = XCBuildConfiguration;
			buildSettings = {
				ALWAYS_SEARCH_USER_PATHS = NO;
				ASSETCATALOG_COMPILER_GENERATE_SWIFT_ASSET_SYMBOL_EXTENSIONS = YES;
				CLANG_ANALYZER_NONNULL = YES;
				CLANG_ANALYZER_NUMBER_OBJECT_CONVERSION = YES_AGGRESSIVE;
				CLANG_CXX_LANGUAGE_STANDARD = "gnu++20";
				CLANG_ENABLE_MODULES = YES;
				CLANG_ENABLE_OBJC_ARC = YES;
				CLANG_ENABLE_OBJC_WEAK = YES;
				CLANG_WARN_BLOCK_CAPTURE_AUTORELEASING = YES;
				CLANG_WARN_BOOL_CONVERSION = YES;
				CLANG_WARN_COMMA = YES;
				CLANG_WARN_CONSTANT_CONVERSION = YES;
				CLANG_WARN_DEPRECATED_OBJC_IMPLEMENTATIONS = YES;
				CLANG_WARN_DIRECT_OBJC_ISA_USAGE = YES_ERROR;
				CLANG_WARN_DOCUMENTATION_COMMENTS = YES;
				CLANG_WARN_EMPTY_BODY = YES;
				CLANG_WARN_ENUM_CONVERSION = YES;
				CLANG_WARN_INFINITE_RECURSION = YES;
				CLANG_WARN_INT_CONVERSION = YES;
				CLANG_WARN_NON_LITERAL_NULL_CONVERSION = YES;
				CLANG_WARN_OBJC_IMPLICIT_RETAIN_SELF = YES;
				CLANG_WARN_OBJC_LITERAL_CONVERSION = YES;
				CLANG_WARN_OBJC_ROOT_CLASS = YES_ERROR;
				CLANG_WARN_QUOTED_INCLUDE_IN_FRAMEWORK_HEADER = YES;
				CLANG_WARN_RANGE_LOOP_ANALYSIS = YES;
				CLANG_WARN_STRICT_PROTOTYPES = YES;
				CLANG_WARN_SUSPICIOUS_MOVE = YES;
				CLANG_WARN_UNGUARDED_AVAILABILITY = YES_AGGRESSIVE;
				CLANG_WARN_UNREACHABLE_CODE = YES;
				CLANG_WARN__DUPLICATE_METHOD_MATCH = YES;
				COPY_PHASE_STRIP = NO;
				DEBUG_INFORMATION_FORMAT = dwarf;
				ENABLE_STRICT_OBJC_MSGSEND = YES;
				ENABLE_TESTABILITY = YES;
				ENABLE_USER_SCRIPT_SANDBOXING = YES;
				GCC_C_LANGUAGE_STANDARD = gnu17;
				GCC_DYNAMIC_NO_PIC = NO;
				GCC_NO_COMMON_BLOCKS = YES;
				GCC_OPTIMIZATION_LEVEL = 0;
				GCC_PREPROCESSOR_DEFINITIONS = (
					"DEBUG=1",
					"$(inherited)",
				);
				GCC_WARN_64_TO_32_BIT_CONVERSION = YES;
				GCC_WARN_ABOUT_RETURN_TYPE = YES_ERROR;
				GCC_WARN_UNDECLARED_SELECTOR = YES;
				GCC_WARN_UNINITIALIZED_AUTOS = YES_AGGRESSIVE;
				GCC_WARN_UNUSED_FUNCTION = YES;
				GCC_WARN_UNUSED_VARIABLE = YES;
				LOCALIZATION_PREFERS_STRING_CATALOGS = YES;
				MTL_ENABLE_DEBUG_INFO = INCLUDE_SOURCE;
				MTL_FAST_MATH = YES;
				ONLY_ACTIVE_ARCH = YES;
				SWIFT_ACTIVE_COMPILATION_CONDITIONS = "DEBUG $(inherited)";
				SWIFT_OPTIMIZATION_LEVEL = "-Onone";
			};
			name = Debug;
		};
		237873122B748AB500DCB6AB /* Release */ = {
			isa = XCBuildConfiguration;
			buildSettings = {
				ALWAYS_SEARCH_USER_PATHS = NO;
				ASSETCATALOG_COMPILER_GENERATE_SWIFT_ASSET_SYMBOL_EXTENSIONS = YES;
				CLANG_ANALYZER_NONNULL = YES;
				CLANG_ANALYZER_NUMBER_OBJECT_CONVERSION = YES_AGGRESSIVE;
				CLANG_CXX_LANGUAGE_STANDARD = "gnu++20";
				CLANG_ENABLE_MODULES = YES;
				CLANG_ENABLE_OBJC_ARC = YES;
				CLANG_ENABLE_OBJC_WEAK = YES;
				CLANG_WARN_BLOCK_CAPTURE_AUTORELEASING = YES;
				CLANG_WARN_BOOL_CONVERSION = YES;
				CLANG_WARN_COMMA = YES;
				CLANG_WARN_CONSTANT_CONVERSION = YES;
				CLANG_WARN_DEPRECATED_OBJC_IMPLEMENTATIONS = YES;
				CLANG_WARN_DIRECT_OBJC_ISA_USAGE = YES_ERROR;
				CLANG_WARN_DOCUMENTATION_COMMENTS = YES;
				CLANG_WARN_EMPTY_BODY = YES;
				CLANG_WARN_ENUM_CONVERSION = YES;
				CLANG_WARN_INFINITE_RECURSION = YES;
				CLANG_WARN_INT_CONVERSION = YES;
				CLANG_WARN_NON_LITERAL_NULL_CONVERSION = YES;
				CLANG_WARN_OBJC_IMPLICIT_RETAIN_SELF = YES;
				CLANG_WARN_OBJC_LITERAL_CONVERSION = YES;
				CLANG_WARN_OBJC_ROOT_CLASS = YES_ERROR;
				CLANG_WARN_QUOTED_INCLUDE_IN_FRAMEWORK_HEADER = YES;
				CLANG_WARN_RANGE_LOOP_ANALYSIS = YES;
				CLANG_WARN_STRICT_PROTOTYPES = YES;
				CLANG_WARN_SUSPICIOUS_MOVE = YES;
				CLANG_WARN_UNGUARDED_AVAILABILITY = YES_AGGRESSIVE;
				CLANG_WARN_UNREACHABLE_CODE = YES;
				CLANG_WARN__DUPLICATE_METHOD_MATCH = YES;
				COPY_PHASE_STRIP = NO;
				DEBUG_INFORMATION_FORMAT = "dwarf-with-dsym";
				ENABLE_NS_ASSERTIONS = NO;
				ENABLE_STRICT_OBJC_MSGSEND = YES;
				ENABLE_USER_SCRIPT_SANDBOXING = YES;
				GCC_C_LANGUAGE_STANDARD = gnu17;
				GCC_NO_COMMON_BLOCKS = YES;
				GCC_WARN_64_TO_32_BIT_CONVERSION = YES;
				GCC_WARN_ABOUT_RETURN_TYPE = YES_ERROR;
				GCC_WARN_UNDECLARED_SELECTOR = YES;
				GCC_WARN_UNINITIALIZED_AUTOS = YES_AGGRESSIVE;
				GCC_WARN_UNUSED_FUNCTION = YES;
				GCC_WARN_UNUSED_VARIABLE = YES;
				LOCALIZATION_PREFERS_STRING_CATALOGS = YES;
				MTL_ENABLE_DEBUG_INFO = NO;
				MTL_FAST_MATH = YES;
				SWIFT_COMPILATION_MODE = wholemodule;
			};
			name = Release;
		};
		237873142B748AB500DCB6AB /* Debug */ = {
			isa = XCBuildConfiguration;
			buildSettings = {
				ASSETCATALOG_COMPILER_APPICON_NAME = AppIcon;
				ASSETCATALOG_COMPILER_GLOBAL_ACCENT_COLOR_NAME = AccentColor;
				CODE_SIGN_STYLE = Automatic;
				CURRENT_PROJECT_VERSION = 1;
				DEVELOPMENT_ASSET_PATHS = "\"SimPomodoro Watch App/Preview Content\"";
				DEVELOPMENT_TEAM = D9AP54K6K7;
				ENABLE_PREVIEWS = YES;
				GENERATE_INFOPLIST_FILE = YES;
				INFOPLIST_KEY_CFBundleDisplayName = SimPomodoro;
				INFOPLIST_KEY_UISupportedInterfaceOrientations = "UIInterfaceOrientationPortrait UIInterfaceOrientationPortraitUpsideDown";
				INFOPLIST_KEY_WKWatchOnly = YES;
				LD_RUNPATH_SEARCH_PATHS = (
					"$(inherited)",
					"@executable_path/Frameworks",
				);
				MARKETING_VERSION = 1.0;
				PRODUCT_BUNDLE_IDENTIFIER = com.dfsavi.SimPomodoro.watchkitapp;
				PRODUCT_NAME = "$(TARGET_NAME)";
				SDKROOT = watchos;
				SKIP_INSTALL = YES;
				SWIFT_EMIT_LOC_STRINGS = YES;
				SWIFT_VERSION = 5.0;
				TARGETED_DEVICE_FAMILY = 4;
				WATCHOS_DEPLOYMENT_TARGET = 10.2;
			};
			name = Debug;
		};
		237873152B748AB500DCB6AB /* Release */ = {
			isa = XCBuildConfiguration;
			buildSettings = {
				ASSETCATALOG_COMPILER_APPICON_NAME = AppIcon;
				ASSETCATALOG_COMPILER_GLOBAL_ACCENT_COLOR_NAME = AccentColor;
				CODE_SIGN_STYLE = Automatic;
				CURRENT_PROJECT_VERSION = 1;
				DEVELOPMENT_ASSET_PATHS = "\"SimPomodoro Watch App/Preview Content\"";
				DEVELOPMENT_TEAM = D9AP54K6K7;
				ENABLE_PREVIEWS = YES;
				GENERATE_INFOPLIST_FILE = YES;
				INFOPLIST_KEY_CFBundleDisplayName = SimPomodoro;
				INFOPLIST_KEY_UISupportedInterfaceOrientations = "UIInterfaceOrientationPortrait UIInterfaceOrientationPortraitUpsideDown";
				INFOPLIST_KEY_WKWatchOnly = YES;
				LD_RUNPATH_SEARCH_PATHS = (
					"$(inherited)",
					"@executable_path/Frameworks",
				);
				MARKETING_VERSION = 1.0;
				PRODUCT_BUNDLE_IDENTIFIER = com.dfsavi.SimPomodoro.watchkitapp;
				PRODUCT_NAME = "$(TARGET_NAME)";
				SDKROOT = watchos;
				SKIP_INSTALL = YES;
				SWIFT_EMIT_LOC_STRINGS = YES;
				SWIFT_VERSION = 5.0;
				TARGETED_DEVICE_FAMILY = 4;
				VALIDATE_PRODUCT = YES;
				WATCHOS_DEPLOYMENT_TARGET = 10.2;
			};
			name = Release;
		};
		237873182B748AB500DCB6AB /* Debug */ = {
			isa = XCBuildConfiguration;
			buildSettings = {
				ALWAYS_EMBED_SWIFT_STANDARD_LIBRARIES = YES;
				CODE_SIGN_STYLE = Automatic;
				CURRENT_PROJECT_VERSION = 1;
				DEVELOPMENT_TEAM = D9AP54K6K7;
				INFOPLIST_KEY_CFBundleDisplayName = SimPomodoro;
				MARKETING_VERSION = 1.0;
				PRODUCT_BUNDLE_IDENTIFIER = com.dfsavi.SimPomodoro;
				PRODUCT_NAME = "$(TARGET_NAME)";
				SDKROOT = iphoneos;
				SWIFT_VERSION = 5.0;
			};
			name = Debug;
		};
		237873192B748AB500DCB6AB /* Release */ = {
			isa = XCBuildConfiguration;
			buildSettings = {
				ALWAYS_EMBED_SWIFT_STANDARD_LIBRARIES = YES;
				CODE_SIGN_STYLE = Automatic;
				CURRENT_PROJECT_VERSION = 1;
				DEVELOPMENT_TEAM = D9AP54K6K7;
				INFOPLIST_KEY_CFBundleDisplayName = SimPomodoro;
				MARKETING_VERSION = 1.0;
				PRODUCT_BUNDLE_IDENTIFIER = com.dfsavi.SimPomodoro;
				PRODUCT_NAME = "$(TARGET_NAME)";
				SDKROOT = iphoneos;
				SWIFT_VERSION = 5.0;
				VALIDATE_PRODUCT = YES;
			};
			name = Release;
		};
/* End XCBuildConfiguration section */

/* Begin XCConfigurationList section */
		237872FA2B748AB400DCB6AB /* Build configuration list for PBXProject "SimPomodoro" */ = {
			isa = XCConfigurationList;
			buildConfigurations = (
				237873112B748AB500DCB6AB /* Debug */,
				237873122B748AB500DCB6AB /* Release */,
			);
			defaultConfigurationIsVisible = 0;
			defaultConfigurationName = Release;
		};
		237873132B748AB500DCB6AB /* Build configuration list for PBXNativeTarget "SimPomodoro Watch App" */ = {
			isa = XCConfigurationList;
			buildConfigurations = (
				237873142B748AB500DCB6AB /* Debug */,
				237873152B748AB500DCB6AB /* Release */,
			);
			defaultConfigurationIsVisible = 0;
			defaultConfigurationName = Release;
		};
		237873172B748AB500DCB6AB /* Build configuration list for PBXNativeTarget "SimPomodoro" */ = {
			isa = XCConfigurationList;
			buildConfigurations = (
				237873182B748AB500DCB6AB /* Debug */,
				237873192B748AB500DCB6AB /* Release */,
			);
			defaultConfigurationIsVisible = 0;
			defaultConfigurationName = Release;
		};
/* End XCConfigurationList section */
	};
	rootObject = 237872F72B748AB400DCB6AB /* Project object */;
}
